
Microsoft Visual Studio Solution File, Format Version 12.00
# Visual Studio Version 16
VisualStudioVersion = 16.0.29709.97
MinimumVisualStudioVersion = 10.0.40219.1
Project("{FAE04EC0-301F-11D3-BF4B-00C04F79EFBC}") = "DotNetDynDnsSvc", "DotNetDynDnsSvc.csproj", "{818A6D41-8607-4CEC-966F-6448CC9F6B4A}"
EndProject
Global
	GlobalSection(SolutionConfigurationPlatforms) = preSolution
		Debug|Any CPU = Debug|Any CPU
		Release|Any CPU = Release|Any CPU
	EndGlobalSection
	GlobalSection(ProjectConfigurationPlatforms) = postSolution
		{818A6D41-8607-4CEC-966F-6448CC9F6B4A}.Debug|Any CPU.ActiveCfg = Debug|Any CPU
		{818A6D41-8607-4CEC-966F-6448CC9F6B4A}.Debug|Any CPU.Build.0 = Debug|Any CPU
		{818A6D41-8607-4CEC-966F-6448CC9F6B4A}.Release|Any CPU.ActiveCfg = Release|Any CPU
		{818A6D41-8607-4CEC-966F-6448CC9F6B4A}.Release|Any CPU.Build.0 = Release|Any CPU
	EndGlobalSection
	GlobalSection(SolutionProperties) = preSolution
		HideSolutionNode = FALSE
	EndGlobalSection
	GlobalSection(ExtensibilityGlobals) = postSolution
		SolutionGuid = {694462A2-3082-486C-A713-5FFBCA47C8FF}
	EndGlobalSection
EndGlobal
